// !$*UTF8*$!
{
	archiveVersion = 1;
	classes = {
	};
	objectVersion = 56;
	objects = {

/* Begin PBXBuildFile section */
		CF1BEDBF2B57239300119579 /* TodoRowView.swift in Sources */ = {isa = PBXBuildFile; fileRef = CF1BEDBE2B57239300119579 /* TodoRowView.swift */; };
		CF1BEDC32B5734EC00119579 /* TodoScreenView.swift in Sources */ = {isa = PBXBuildFile; fileRef = CF1BEDC22B5734EC00119579 /* TodoScreenView.swift */; };
		CF2485C92B56F3A00047E0BC /* todo_frontendApp.swift in Sources */ = {isa = PBXBuildFile; fileRef = CF2485C82B56F3A00047E0BC /* todo_frontendApp.swift */; };
		CF2485CD2B56F3A10047E0BC /* Assets.xcassets in Resources */ = {isa = PBXBuildFile; fileRef = CF2485CC2B56F3A10047E0BC /* Assets.xcassets */; };
		CF2485D02B56F3A10047E0BC /* Preview Assets.xcassets in Resources */ = {isa = PBXBuildFile; fileRef = CF2485CF2B56F3A10047E0BC /* Preview Assets.xcassets */; };
		CF2485D82B56F76B0047E0BC /* TodosScreenView.swift in Sources */ = {isa = PBXBuildFile; fileRef = CF2485D72B56F76B0047E0BC /* TodosScreenView.swift */; };
		CF2485DD2B56F8E70047E0BC /* UsernameView.swift in Sources */ = {isa = PBXBuildFile; fileRef = CF2485DC2B56F8E70047E0BC /* UsernameView.swift */; };
		CF2485DF2B56F9F10047E0BC /* ScreenHeaderView.swift in Sources */ = {isa = PBXBuildFile; fileRef = CF2485DE2B56F9F10047E0BC /* ScreenHeaderView.swift */; };
		CF2485E62B56FAFF0047E0BC /* TodoModel.swift in Sources */ = {isa = PBXBuildFile; fileRef = CF2485E52B56FAFF0047E0BC /* TodoModel.swift */; };
		CF3AC6382B630E9B0006AF2C /* EditTodoFormView.swift in Sources */ = {isa = PBXBuildFile; fileRef = CF3AC6372B630E9B0006AF2C /* EditTodoFormView.swift */; };
		CF3AC63A2B6314850006AF2C /* CustomShowDateView.swift in Sources */ = {isa = PBXBuildFile; fileRef = CF3AC6392B6314850006AF2C /* CustomShowDateView.swift */; };
		CF3AC63C2B6317960006AF2C /* WelcomeScreenView.swift in Sources */ = {isa = PBXBuildFile; fileRef = CF3AC63B2B6317960006AF2C /* WelcomeScreenView.swift */; };
		CF41A1642B62D2A500FF2A27 /* EditTodoScreenView.swift in Sources */ = {isa = PBXBuildFile; fileRef = CF41A1632B62D2A500FF2A27 /* EditTodoScreenView.swift */; };
		CF6173E12B5DB53C0012039A /* NewTodoScreen.swift in Sources */ = {isa = PBXBuildFile; fileRef = CF6173E02B5DB53C0012039A /* NewTodoScreen.swift */; };
		CF6173E42B5DB5C60012039A /* NewTodoFormView.swift in Sources */ = {isa = PBXBuildFile; fileRef = CF6173E32B5DB5C60012039A /* NewTodoFormView.swift */; };
		CF6173E62B5DB68E0012039A /* CustomFormLabelView.swift in Sources */ = {isa = PBXBuildFile; fileRef = CF6173E52B5DB68E0012039A /* CustomFormLabelView.swift */; };
		CFC3A6222B60D84E009AE99C /* CustomErrorMessageView.swift in Sources */ = {isa = PBXBuildFile; fileRef = CFC3A6212B60D84E009AE99C /* CustomErrorMessageView.swift */; };
/* End PBXBuildFile section */

/* Begin PBXFileReference section */
		CF1BEDBE2B57239300119579 /* TodoRowView.swift */ = {isa = PBXFileReference; lastKnownFileType = sourcecode.swift; path = TodoRowView.swift; sourceTree = "<group>"; };
		CF1BEDC22B5734EC00119579 /* TodoScreenView.swift */ = {isa = PBXFileReference; lastKnownFileType = sourcecode.swift; path = TodoScreenView.swift; sourceTree = "<group>"; };
		CF2485C52B56F3A00047E0BC /* todo-frontend.app */ = {isa = PBXFileReference; explicitFileType = wrapper.application; includeInIndex = 0; path = "todo-frontend.app"; sourceTree = BUILT_PRODUCTS_DIR; };
		CF2485C82B56F3A00047E0BC /* todo_frontendApp.swift */ = {isa = PBXFileReference; lastKnownFileType = sourcecode.swift; path = todo_frontendApp.swift; sourceTree = "<group>"; };
		CF2485CC2B56F3A10047E0BC /* Assets.xcassets */ = {isa = PBXFileReference; lastKnownFileType = folder.assetcatalog; path = Assets.xcassets; sourceTree = "<group>"; };
		CF2485CF2B56F3A10047E0BC /* Preview Assets.xcassets */ = {isa = PBXFileReference; lastKnownFileType = folder.assetcatalog; path = "Preview Assets.xcassets"; sourceTree = "<group>"; };
		CF2485D72B56F76B0047E0BC /* TodosScreenView.swift */ = {isa = PBXFileReference; lastKnownFileType = sourcecode.swift; path = TodosScreenView.swift; sourceTree = "<group>"; };
		CF2485DC2B56F8E70047E0BC /* UsernameView.swift */ = {isa = PBXFileReference; lastKnownFileType = sourcecode.swift; path = UsernameView.swift; sourceTree = "<group>"; };
		CF2485DE2B56F9F10047E0BC /* ScreenHeaderView.swift */ = {isa = PBXFileReference; lastKnownFileType = sourcecode.swift; path = ScreenHeaderView.swift; sourceTree = "<group>"; };
		CF2485E52B56FAFF0047E0BC /* TodoModel.swift */ = {isa = PBXFileReference; lastKnownFileType = sourcecode.swift; path = TodoModel.swift; sourceTree = "<group>"; };
		CF3AC6372B630E9B0006AF2C /* EditTodoFormView.swift */ = {isa = PBXFileReference; lastKnownFileType = sourcecode.swift; path = EditTodoFormView.swift; sourceTree = "<group>"; };
		CF3AC6392B6314850006AF2C /* CustomShowDateView.swift */ = {isa = PBXFileReference; lastKnownFileType = sourcecode.swift; path = CustomShowDateView.swift; sourceTree = "<group>"; };
		CF3AC63B2B6317960006AF2C /* WelcomeScreenView.swift */ = {isa = PBXFileReference; lastKnownFileType = sourcecode.swift; path = WelcomeScreenView.swift; sourceTree = "<group>"; };
		CF41A1632B62D2A500FF2A27 /* EditTodoScreenView.swift */ = {isa = PBXFileReference; lastKnownFileType = sourcecode.swift; path = EditTodoScreenView.swift; sourceTree = "<group>"; };
		CF6173E02B5DB53C0012039A /* NewTodoScreen.swift */ = {isa = PBXFileReference; lastKnownFileType = sourcecode.swift; path = NewTodoScreen.swift; sourceTree = "<group>"; };
		CF6173E32B5DB5C60012039A /* NewTodoFormView.swift */ = {isa = PBXFileReference; lastKnownFileType = sourcecode.swift; path = NewTodoFormView.swift; sourceTree = "<group>"; };
		CF6173E52B5DB68E0012039A /* CustomFormLabelView.swift */ = {isa = PBXFileReference; lastKnownFileType = sourcecode.swift; path = CustomFormLabelView.swift; sourceTree = "<group>"; };
		CFC3A6212B60D84E009AE99C /* CustomErrorMessageView.swift */ = {isa = PBXFileReference; lastKnownFileType = sourcecode.swift; path = CustomErrorMessageView.swift; sourceTree = "<group>"; };
/* End PBXFileReference section */

/* Begin PBXFrameworksBuildPhase section */
		CF2485C22B56F39F0047E0BC /* Frameworks */ = {
			isa = PBXFrameworksBuildPhase;
			buildActionMask = 2147483647;
			files = (
			);
			runOnlyForDeploymentPostprocessing = 0;
		};
/* End PBXFrameworksBuildPhase section */

/* Begin PBXGroup section */
		CF2485BC2B56F39F0047E0BC = {
			isa = PBXGroup;
			children = (
				CF2485C72B56F3A00047E0BC /* todo-frontend */,
				CF2485C62B56F3A00047E0BC /* Products */,
			);
			sourceTree = "<group>";
		};
		CF2485C62B56F3A00047E0BC /* Products */ = {
			isa = PBXGroup;
			children = (
				CF2485C52B56F3A00047E0BC /* todo-frontend.app */,
			);
			name = Products;
			sourceTree = "<group>";
		};
		CF2485C72B56F3A00047E0BC /* todo-frontend */ = {
			isa = PBXGroup;
			children = (
				CF2485C82B56F3A00047E0BC /* todo_frontendApp.swift */,
				CF2485E42B56FAF00047E0BC /* models */,
				CF2485D92B56F7DB0047E0BC /* views */,
				CF2485CC2B56F3A10047E0BC /* Assets.xcassets */,
				CF2485CE2B56F3A10047E0BC /* Preview Content */,
			);
			path = "todo-frontend";
			sourceTree = "<group>";
		};
		CF2485CE2B56F3A10047E0BC /* Preview Content */ = {
			isa = PBXGroup;
			children = (
				CF2485CF2B56F3A10047E0BC /* Preview Assets.xcassets */,
			);
			path = "Preview Content";
			sourceTree = "<group>";
		};
		CF2485D62B56F74C0047E0BC /* screens */ = {
			isa = PBXGroup;
			children = (
				CF2485D72B56F76B0047E0BC /* TodosScreenView.swift */,
				CF1BEDC22B5734EC00119579 /* TodoScreenView.swift */,
				CF6173E02B5DB53C0012039A /* NewTodoScreen.swift */,
				CF41A1632B62D2A500FF2A27 /* EditTodoScreenView.swift */,
				CF3AC63B2B6317960006AF2C /* WelcomeScreenView.swift */,
			);
			path = screens;
			sourceTree = "<group>";
		};
		CF2485D92B56F7DB0047E0BC /* views */ = {
			isa = PBXGroup;
			children = (
				CF2485DA2B56F8870047E0BC /* components */,
				CF2485D62B56F74C0047E0BC /* screens */,
			);
			path = views;
			sourceTree = "<group>";
		};
		CF2485DA2B56F8870047E0BC /* components */ = {
			isa = PBXGroup;
			children = (
				CF3AC6362B630E860006AF2C /* editTodo */,
				CF6173E22B5DB59B0012039A /* newTodos */,
				CF2485E02B56F9F80047E0BC /* common */,
				CF2485DB2B56F8C20047E0BC /* todos */,
			);
			path = components;
			sourceTree = "<group>";
		};
		CF2485DB2B56F8C20047E0BC /* todos */ = {
			isa = PBXGroup;
			children = (
				CF2485DC2B56F8E70047E0BC /* UsernameView.swift */,
				CF1BEDBE2B57239300119579 /* TodoRowView.swift */,
			);
			path = todos;
			sourceTree = "<group>";
		};
		CF2485E02B56F9F80047E0BC /* common */ = {
			isa = PBXGroup;
			children = (
				CF2485DE2B56F9F10047E0BC /* ScreenHeaderView.swift */,
				CF6173E52B5DB68E0012039A /* CustomFormLabelView.swift */,
				CFC3A6212B60D84E009AE99C /* CustomErrorMessageView.swift */,
				CF3AC6392B6314850006AF2C /* CustomShowDateView.swift */,
			);
			path = common;
			sourceTree = "<group>";
		};
		CF2485E42B56FAF00047E0BC /* models */ = {
			isa = PBXGroup;
			children = (
				CF2485E52B56FAFF0047E0BC /* TodoModel.swift */,
			);
			path = models;
			sourceTree = "<group>";
		};
		CF3AC6362B630E860006AF2C /* editTodo */ = {
			isa = PBXGroup;
			children = (
				CF3AC6372B630E9B0006AF2C /* EditTodoFormView.swift */,
			);
			path = editTodo;
			sourceTree = "<group>";
		};
		CF6173E22B5DB59B0012039A /* newTodos */ = {
			isa = PBXGroup;
			children = (
				CF6173E32B5DB5C60012039A /* NewTodoFormView.swift */,
			);
			path = newTodos;
			sourceTree = "<group>";
		};
/* End PBXGroup section */

/* Begin PBXNativeTarget section */
		CF2485C42B56F39F0047E0BC /* todo-frontend */ = {
			isa = PBXNativeTarget;
			buildConfigurationList = CF2485D32B56F3A10047E0BC /* Build configuration list for PBXNativeTarget "todo-frontend" */;
			buildPhases = (
				CF2485C12B56F39F0047E0BC /* Sources */,
				CF2485C22B56F39F0047E0BC /* Frameworks */,
				CF2485C32B56F39F0047E0BC /* Resources */,
			);
			buildRules = (
			);
			dependencies = (
			);
			name = "todo-frontend";
			productName = "todo-frontend";
			productReference = CF2485C52B56F3A00047E0BC /* todo-frontend.app */;
			productType = "com.apple.product-type.application";
		};
/* End PBXNativeTarget section */

/* Begin PBXProject section */
		CF2485BD2B56F39F0047E0BC /* Project object */ = {
			isa = PBXProject;
			attributes = {
				BuildIndependentTargetsInParallel = 1;
				LastSwiftUpdateCheck = 1500;
				LastUpgradeCheck = 1500;
				TargetAttributes = {
					CF2485C42B56F39F0047E0BC = {
						CreatedOnToolsVersion = 15.0.1;
					};
				};
			};
			buildConfigurationList = CF2485C02B56F39F0047E0BC /* Build configuration list for PBXProject "todo-frontend" */;
			compatibilityVersion = "Xcode 14.0";
			developmentRegion = en;
			hasScannedForEncodings = 0;
			knownRegions = (
				en,
				Base,
			);
			mainGroup = CF2485BC2B56F39F0047E0BC;
			productRefGroup = CF2485C62B56F3A00047E0BC /* Products */;
			projectDirPath = "";
			projectRoot = "";
			targets = (
				CF2485C42B56F39F0047E0BC /* todo-frontend */,
			);
		};
/* End PBXProject section */

/* Begin PBXResourcesBuildPhase section */
		CF2485C32B56F39F0047E0BC /* Resources */ = {
			isa = PBXResourcesBuildPhase;
			buildActionMask = 2147483647;
			files = (
				CF2485D02B56F3A10047E0BC /* Preview Assets.xcassets in Resources */,
				CF2485CD2B56F3A10047E0BC /* Assets.xcassets in Resources */,
			);
			runOnlyForDeploymentPostprocessing = 0;
		};
/* End PBXResourcesBuildPhase section */

/* Begin PBXSourcesBuildPhase section */
		CF2485C12B56F39F0047E0BC /* Sources */ = {
			isa = PBXSourcesBuildPhase;
			buildActionMask = 2147483647;
			files = (
				CF6173E42B5DB5C60012039A /* NewTodoFormView.swift in Sources */,
				CF2485DD2B56F8E70047E0BC /* UsernameView.swift in Sources */,
				CF1BEDC32B5734EC00119579 /* TodoScreenView.swift in Sources */,
				CFC3A6222B60D84E009AE99C /* CustomErrorMessageView.swift in Sources */,
				CF2485DF2B56F9F10047E0BC /* ScreenHeaderView.swift in Sources */,
				CF2485D82B56F76B0047E0BC /* TodosScreenView.swift in Sources */,
				CF41A1642B62D2A500FF2A27 /* EditTodoScreenView.swift in Sources */,
				CF2485E62B56FAFF0047E0BC /* TodoModel.swift in Sources */,
				CF3AC63A2B6314850006AF2C /* CustomShowDateView.swift in Sources */,
				CF6173E12B5DB53C0012039A /* NewTodoScreen.swift in Sources */,
				CF6173E62B5DB68E0012039A /* CustomFormLabelView.swift in Sources */,
				CF3AC6382B630E9B0006AF2C /* EditTodoFormView.swift in Sources */,
				CF1BEDBF2B57239300119579 /* TodoRowView.swift in Sources */,
				CF3AC63C2B6317960006AF2C /* WelcomeScreenView.swift in Sources */,
				CF2485C92B56F3A00047E0BC /* todo_frontendApp.swift in Sources */,
			);
			runOnlyForDeploymentPostprocessing = 0;
		};
/* End PBXSourcesBuildPhase section */

/* Begin XCBuildConfiguration section */
		CF2485D12B56F3A10047E0BC /* Debug */ = {
			isa = XCBuildConfiguration;
			buildSettings = {
				ALWAYS_SEARCH_USER_PATHS = NO;
				ASSETCATALOG_COMPILER_GENERATE_SWIFT_ASSET_SYMBOL_EXTENSIONS = YES;
				CLANG_ANALYZER_NONNULL = YES;
				CLANG_ANALYZER_NUMBER_OBJECT_CONVERSION = YES_AGGRESSIVE;
				CLANG_CXX_LANGUAGE_STANDARD = "gnu++20";
				CLANG_ENABLE_MODULES = YES;
				CLANG_ENABLE_OBJC_ARC = YES;
				CLANG_ENABLE_OBJC_WEAK = YES;
				CLANG_WARN_BLOCK_CAPTURE_AUTORELEASING = YES;
				CLANG_WARN_BOOL_CONVERSION = YES;
				CLANG_WARN_COMMA = YES;
				CLANG_WARN_CONSTANT_CONVERSION = YES;
				CLANG_WARN_DEPRECATED_OBJC_IMPLEMENTATIONS = YES;
				CLANG_WARN_DIRECT_OBJC_ISA_USAGE = YES_ERROR;
				CLANG_WARN_DOCUMENTATION_COMMENTS = YES;
				CLANG_WARN_EMPTY_BODY = YES;
				CLANG_WARN_ENUM_CONVERSION = YES;
				CLANG_WARN_INFINITE_RECURSION = YES;
				CLANG_WARN_INT_CONVERSION = YES;
				CLANG_WARN_NON_LITERAL_NULL_CONVERSION = YES;
				CLANG_WARN_OBJC_IMPLICIT_RETAIN_SELF = YES;
				CLANG_WARN_OBJC_LITERAL_CONVERSION = YES;
				CLANG_WARN_OBJC_ROOT_CLASS = YES_ERROR;
				CLANG_WARN_QUOTED_INCLUDE_IN_FRAMEWORK_HEADER = YES;
				CLANG_WARN_RANGE_LOOP_ANALYSIS = YES;
				CLANG_WARN_STRICT_PROTOTYPES = YES;
				CLANG_WARN_SUSPICIOUS_MOVE = YES;
				CLANG_WARN_UNGUARDED_AVAILABILITY = YES_AGGRESSIVE;
				CLANG_WARN_UNREACHABLE_CODE = YES;
				CLANG_WARN__DUPLICATE_METHOD_MATCH = YES;
				COPY_PHASE_STRIP = NO;
				DEBUG_INFORMATION_FORMAT = dwarf;
				ENABLE_STRICT_OBJC_MSGSEND = YES;
				ENABLE_TESTABILITY = YES;
				ENABLE_USER_SCRIPT_SANDBOXING = YES;
				GCC_C_LANGUAGE_STANDARD = gnu17;
				GCC_DYNAMIC_NO_PIC = NO;
				GCC_NO_COMMON_BLOCKS = YES;
				GCC_OPTIMIZATION_LEVEL = 0;
				GCC_PREPROCESSOR_DEFINITIONS = (
					"DEBUG=1",
					"$(inherited)",
				);
				GCC_WARN_64_TO_32_BIT_CONVERSION = YES;
				GCC_WARN_ABOUT_RETURN_TYPE = YES_ERROR;
				GCC_WARN_UNDECLARED_SELECTOR = YES;
				GCC_WARN_UNINITIALIZED_AUTOS = YES_AGGRESSIVE;
				GCC_WARN_UNUSED_FUNCTION = YES;
				GCC_WARN_UNUSED_VARIABLE = YES;
				IPHONEOS_DEPLOYMENT_TARGET = 17.0;
				LOCALIZATION_PREFERS_STRING_CATALOGS = YES;
				MTL_ENABLE_DEBUG_INFO = INCLUDE_SOURCE;
				MTL_FAST_MATH = YES;
				ONLY_ACTIVE_ARCH = YES;
				SDKROOT = iphoneos;
				SWIFT_ACTIVE_COMPILATION_CONDITIONS = "DEBUG $(inherited)";
				SWIFT_OPTIMIZATION_LEVEL = "-Onone";
			};
			name = Debug;
		};
		CF2485D22B56F3A10047E0BC /* Release */ = {
			isa = XCBuildConfiguration;
			buildSettings = {
				ALWAYS_SEARCH_USER_PATHS = NO;
				ASSETCATALOG_COMPILER_GENERATE_SWIFT_ASSET_SYMBOL_EXTENSIONS = YES;
				CLANG_ANALYZER_NONNULL = YES;
				CLANG_ANALYZER_NUMBER_OBJECT_CONVERSION = YES_AGGRESSIVE;
				CLANG_CXX_LANGUAGE_STANDARD = "gnu++20";
				CLANG_ENABLE_MODULES = YES;
				CLANG_ENABLE_OBJC_ARC = YES;
				CLANG_ENABLE_OBJC_WEAK = YES;
				CLANG_WARN_BLOCK_CAPTURE_AUTORELEASING = YES;
				CLANG_WARN_BOOL_CONVERSION = YES;
				CLANG_WARN_COMMA = YES;
				CLANG_WARN_CONSTANT_CONVERSION = YES;
				CLANG_WARN_DEPRECATED_OBJC_IMPLEMENTATIONS = YES;
				CLANG_WARN_DIRECT_OBJC_ISA_USAGE = YES_ERROR;
				CLANG_WARN_DOCUMENTATION_COMMENTS = YES;
				CLANG_WARN_EMPTY_BODY = YES;
				CLANG_WARN_ENUM_CONVERSION = YES;
				CLANG_WARN_INFINITE_RECURSION = YES;
				CLANG_WARN_INT_CONVERSION = YES;
				CLANG_WARN_NON_LITERAL_NULL_CONVERSION = YES;
				CLANG_WARN_OBJC_IMPLICIT_RETAIN_SELF = YES;
				CLANG_WARN_OBJC_LITERAL_CONVERSION = YES;
				CLANG_WARN_OBJC_ROOT_CLASS = YES_ERROR;
				CLANG_WARN_QUOTED_INCLUDE_IN_FRAMEWORK_HEADER = YES;
				CLANG_WARN_RANGE_LOOP_ANALYSIS = YES;
				CLANG_WARN_STRICT_PROTOTYPES = YES;
				CLANG_WARN_SUSPICIOUS_MOVE = YES;
				CLANG_WARN_UNGUARDED_AVAILABILITY = YES_AGGRESSIVE;
				CLANG_WARN_UNREACHABLE_CODE = YES;
				CLANG_WARN__DUPLICATE_METHOD_MATCH = YES;
				COPY_PHASE_STRIP = NO;
				DEBUG_INFORMATION_FORMAT = "dwarf-with-dsym";
				ENABLE_NS_ASSERTIONS = NO;
				ENABLE_STRICT_OBJC_MSGSEND = YES;
				ENABLE_USER_SCRIPT_SANDBOXING = YES;
				GCC_C_LANGUAGE_STANDARD = gnu17;
				GCC_NO_COMMON_BLOCKS = YES;
				GCC_WARN_64_TO_32_BIT_CONVERSION = YES;
				GCC_WARN_ABOUT_RETURN_TYPE = YES_ERROR;
				GCC_WARN_UNDECLARED_SELECTOR = YES;
				GCC_WARN_UNINITIALIZED_AUTOS = YES_AGGRESSIVE;
				GCC_WARN_UNUSED_FUNCTION = YES;
				GCC_WARN_UNUSED_VARIABLE = YES;
				IPHONEOS_DEPLOYMENT_TARGET = 17.0;
				LOCALIZATION_PREFERS_STRING_CATALOGS = YES;
				MTL_ENABLE_DEBUG_INFO = NO;
				MTL_FAST_MATH = YES;
				SDKROOT = iphoneos;
				SWIFT_COMPILATION_MODE = wholemodule;
				VALIDATE_PRODUCT = YES;
			};
			name = Release;
		};
		CF2485D42B56F3A10047E0BC /* Debug */ = {
			isa = XCBuildConfiguration;
			buildSettings = {
				ASSETCATALOG_COMPILER_APPICON_NAME = AppIcon;
				ASSETCATALOG_COMPILER_GLOBAL_ACCENT_COLOR_NAME = AccentColor;
				CODE_SIGN_STYLE = Automatic;
				CURRENT_PROJECT_VERSION = 1;
				DEVELOPMENT_ASSET_PATHS = "\"todo-frontend/Preview Content\"";
				DEVELOPMENT_TEAM = 7MZCMC67KN;
				ENABLE_PREVIEWS = YES;
				GENERATE_INFOPLIST_FILE = YES;
				INFOPLIST_KEY_UIApplicationSceneManifest_Generation = YES;
				INFOPLIST_KEY_UIApplicationSupportsIndirectInputEvents = YES;
				INFOPLIST_KEY_UILaunchScreen_Generation = YES;
				INFOPLIST_KEY_UISupportedInterfaceOrientations_iPad = "UIInterfaceOrientationPortrait UIInterfaceOrientationPortraitUpsideDown UIInterfaceOrientationLandscapeLeft UIInterfaceOrientationLandscapeRight";
				INFOPLIST_KEY_UISupportedInterfaceOrientations_iPhone = "UIInterfaceOrientationPortrait UIInterfaceOrientationLandscapeLeft UIInterfaceOrientationLandscapeRight";
				LD_RUNPATH_SEARCH_PATHS = (
					"$(inherited)",
					"@executable_path/Frameworks",
				);
				MARKETING_VERSION = 1.0;
				PRODUCT_BUNDLE_IDENTIFIER = "jorge.todo-frontend";
				PRODUCT_NAME = "$(TARGET_NAME)";
				SWIFT_EMIT_LOC_STRINGS = YES;
				SWIFT_VERSION = 5.0;
				TARGETED_DEVICE_FAMILY = "1,2";
			};
			name = Debug;
		};
		CF2485D52B56F3A10047E0BC /* Release */ = {
			isa = XCBuildConfiguration;
			buildSettings = {
				ASSETCATALOG_COMPILER_APPICON_NAME = AppIcon;
				ASSETCATALOG_COMPILER_GLOBAL_ACCENT_COLOR_NAME = AccentColor;
				CODE_SIGN_STYLE = Automatic;
				CURRENT_PROJECT_VERSION = 1;
				DEVELOPMENT_ASSET_PATHS = "\"todo-frontend/Preview Content\"";
				DEVELOPMENT_TEAM = 7MZCMC67KN;
				ENABLE_PREVIEWS = YES;
				GENERATE_INFOPLIST_FILE = YES;
				INFOPLIST_KEY_UIApplicationSceneManifest_Generation = YES;
				INFOPLIST_KEY_UIApplicationSupportsIndirectInputEvents = YES;
				INFOPLIST_KEY_UILaunchScreen_Generation = YES;
				INFOPLIST_KEY_UISupportedInterfaceOrientations_iPad = "UIInterfaceOrientationPortrait UIInterfaceOrientationPortraitUpsideDown UIInterfaceOrientationLandscapeLeft UIInterfaceOrientationLandscapeRight";
				INFOPLIST_KEY_UISupportedInterfaceOrientations_iPhone = "UIInterfaceOrientationPortrait UIInterfaceOrientationLandscapeLeft UIInterfaceOrientationLandscapeRight";
				LD_RUNPATH_SEARCH_PATHS = (
					"$(inherited)",
					"@executable_path/Frameworks",
				);
				MARKETING_VERSION = 1.0;
				PRODUCT_BUNDLE_IDENTIFIER = "jorge.todo-frontend";
				PRODUCT_NAME = "$(TARGET_NAME)";
				SWIFT_EMIT_LOC_STRINGS = YES;
				SWIFT_VERSION = 5.0;
				TARGETED_DEVICE_FAMILY = "1,2";
			};
			name = Release;
		};
/* End XCBuildConfiguration section */

/* Begin XCConfigurationList section */
		CF2485C02B56F39F0047E0BC /* Build configuration list for PBXProject "todo-frontend" */ = {
			isa = XCConfigurationList;
			buildConfigurations = (
				CF2485D12B56F3A10047E0BC /* Debug */,
				CF2485D22B56F3A10047E0BC /* Release */,
			);
			defaultConfigurationIsVisible = 0;
			defaultConfigurationName = Release;
		};
		CF2485D32B56F3A10047E0BC /* Build configuration list for PBXNativeTarget "todo-frontend" */ = {
			isa = XCConfigurationList;
			buildConfigurations = (
				CF2485D42B56F3A10047E0BC /* Debug */,
				CF2485D52B56F3A10047E0BC /* Release */,
			);
			defaultConfigurationIsVisible = 0;
			defaultConfigurationName = Release;
		};
/* End XCConfigurationList section */
	};
	rootObject = CF2485BD2B56F39F0047E0BC /* Project object */;
}
